
Microsoft Visual Studio Solution File, Format Version 12.00
# Visual Studio Version 17
VisualStudioVersion = 17.4.33213.308
MinimumVisualStudioVersion = 10.0.40219.1
Project("{9A19103F-16F7-4668-BE54-9A1E7A4F7556}") = "TraversalProject", "TraversalProject\TraversalProject.csproj", "{20E793A5-2A18-4865-BF6A-1BF23ABA8FF4}"
EndProject
Project("{9A19103F-16F7-4668-BE54-9A1E7A4F7556}") = "Entity", "Entity\Entity.csproj", "{7A1E74B5-7841-4D5C-A558-957355899BE6}"
EndProject
Project("{9A19103F-16F7-4668-BE54-9A1E7A4F7556}") = "DataAccess", "DataAccess\DataAccess.csproj", "{407C77A4-15C0-4E42-91F6-4DEAB0315E90}"
EndProject
Project("{9A19103F-16F7-4668-BE54-9A1E7A4F7556}") = "Business", "Business\Business.csproj", "{5A4E3CC0-6E37-4CFA-B8D6-BFD9852A80F5}"
EndProject
Project("{FAE04EC0-301F-11D3-BF4B-00C04F79EFBC}") = "DTO", "DTO\DTO.csproj", "{4A474903-16C8-4BA3-A9B9-2DD9616E180B}"
EndProject
Global
	GlobalSection(SolutionConfigurationPlatforms) = preSolution
		Debug|Any CPU = Debug|Any CPU
		Release|Any CPU = Release|Any CPU
	EndGlobalSection
	GlobalSection(ProjectConfigurationPlatforms) = postSolution
		{20E793A5-2A18-4865-BF6A-1BF23ABA8FF4}.Debug|Any CPU.ActiveCfg = Debug|Any CPU
		{20E793A5-2A18-4865-BF6A-1BF23ABA8FF4}.Debug|Any CPU.Build.0 = Debug|Any CPU
		{20E793A5-2A18-4865-BF6A-1BF23ABA8FF4}.Release|Any CPU.ActiveCfg = Release|Any CPU
		{20E793A5-2A18-4865-BF6A-1BF23ABA8FF4}.Release|Any CPU.Build.0 = Release|Any CPU
		{7A1E74B5-7841-4D5C-A558-957355899BE6}.Debug|Any CPU.ActiveCfg = Debug|Any CPU
		{7A1E74B5-7841-4D5C-A558-957355899BE6}.Debug|Any CPU.Build.0 = Debug|Any CPU
		{7A1E74B5-7841-4D5C-A558-957355899BE6}.Release|Any CPU.ActiveCfg = Release|Any CPU
		{7A1E74B5-7841-4D5C-A558-957355899BE6}.Release|Any CPU.Build.0 = Release|Any CPU
		{407C77A4-15C0-4E42-91F6-4DEAB0315E90}.Debug|Any CPU.ActiveCfg = Debug|Any CPU
		{407C77A4-15C0-4E42-91F6-4DEAB0315E90}.Debug|Any CPU.Build.0 = Debug|Any CPU
		{407C77A4-15C0-4E42-91F6-4DEAB0315E90}.Release|Any CPU.ActiveCfg = Release|Any CPU
		{407C77A4-15C0-4E42-91F6-4DEAB0315E90}.Release|Any CPU.Build.0 = Release|Any CPU
		{5A4E3CC0-6E37-4CFA-B8D6-BFD9852A80F5}.Debug|Any CPU.ActiveCfg = Debug|Any CPU
		{5A4E3CC0-6E37-4CFA-B8D6-BFD9852A80F5}.Debug|Any CPU.Build.0 = Debug|Any CPU
		{5A4E3CC0-6E37-4CFA-B8D6-BFD9852A80F5}.Release|Any CPU.ActiveCfg = Release|Any CPU
		{5A4E3CC0-6E37-4CFA-B8D6-BFD9852A80F5}.Release|Any CPU.Build.0 = Release|Any CPU
		{4A474903-16C8-4BA3-A9B9-2DD9616E180B}.Debug|Any CPU.ActiveCfg = Debug|Any CPU
		{4A474903-16C8-4BA3-A9B9-2DD9616E180B}.Debug|Any CPU.Build.0 = Debug|Any CPU
		{4A474903-16C8-4BA3-A9B9-2DD9616E180B}.Release|Any CPU.ActiveCfg = Release|Any CPU
		{4A474903-16C8-4BA3-A9B9-2DD9616E180B}.Release|Any CPU.Build.0 = Release|Any CPU
	EndGlobalSection
	GlobalSection(SolutionProperties) = preSolution
		HideSolutionNode = FALSE
	EndGlobalSection
	GlobalSection(ExtensibilityGlobals) = postSolution
		SolutionGuid = {34D1B912-60C5-4CE1-83F8-271810D52E36}
	EndGlobalSection
EndGlobal
